
Microsoft Visual Studio Solution File, Format Version 12.00
# Visual Studio Version 17
VisualStudioVersion = 17.4.33213.308
MinimumVisualStudioVersion = 10.0.40219.1
Project("{FAE04EC0-301F-11D3-BF4B-00C04F79EFBC}") = "Word", "Word\Word.csproj", "{F63381BA-67C8-41F9-BBF0-6350A8297859}"
EndProject
Global
	GlobalSection(SolutionConfigurationPlatforms) = preSolution
		Debug|Any CPU = Debug|Any CPU
		Release|Any CPU = Release|Any CPU
	EndGlobalSection
	GlobalSection(ProjectConfigurationPlatforms) = postSolution
		{F63381BA-67C8-41F9-BBF0-6350A8297859}.Debug|Any CPU.ActiveCfg = Debug|Any CPU
		{F63381BA-67C8-41F9-BBF0-6350A8297859}.Debug|Any CPU.Build.0 = Debug|Any CPU
		{F63381BA-67C8-41F9-BBF0-6350A8297859}.Release|Any CPU.ActiveCfg = Release|Any CPU
		{F63381BA-67C8-41F9-BBF0-6350A8297859}.Release|Any CPU.Build.0 = Release|Any CPU
	EndGlobalSection
	GlobalSection(SolutionProperties) = preSolution
		HideSolutionNode = FALSE
	EndGlobalSection
	GlobalSection(ExtensibilityGlobals) = postSolution
		SolutionGuid = {91A4B4C0-8EEF-4C97-A342-A3F9ACDABEC5}
	EndGlobalSection
EndGlobal
